
Microsoft Visual Studio Solution File, Format Version 12.00
# Visual Studio Version 17
VisualStudioVersion = 17.3.32901.215
MinimumVisualStudioVersion = 10.0.40219.1
Project("{FAE04EC0-301F-11D3-BF4B-00C04F79EFBC}") = "NZWalks.API", "NZWalks.API\NZWalks.API.csproj", "{A8728B28-5F48-4CB8-A7A8-98F06A0F7EE2}"
EndProject
Global
	GlobalSection(SolutionConfigurationPlatforms) = preSolution
		Debug|Any CPU = Debug|Any CPU
		Release|Any CPU = Release|Any CPU
	EndGlobalSection
	GlobalSection(ProjectConfigurationPlatforms) = postSolution
		{A8728B28-5F48-4CB8-A7A8-98F06A0F7EE2}.Debug|Any CPU.ActiveCfg = Debug|Any CPU
		{A8728B28-5F48-4CB8-A7A8-98F06A0F7EE2}.Debug|Any CPU.Build.0 = Debug|Any CPU
		{A8728B28-5F48-4CB8-A7A8-98F06A0F7EE2}.Release|Any CPU.ActiveCfg = Release|Any CPU
		{A8728B28-5F48-4CB8-A7A8-98F06A0F7EE2}.Release|Any CPU.Build.0 = Release|Any CPU
	EndGlobalSection
	GlobalSection(SolutionProperties) = preSolution
		HideSolutionNode = FALSE
	EndGlobalSection
	GlobalSection(ExtensibilityGlobals) = postSolution
		SolutionGuid = {7110F8D5-B817-4711-99CB-AD1D566793E5}
	EndGlobalSection
EndGlobal
